<?xml version="1.0" encoding="utf-8"?>
<Project ToolsVersion="4.0" xmlns="http://schemas.microsoft.com/developer/msbuild/2003">
  <ItemGroup>
    <Filter Include="Source Files">
      <UniqueIdentifier>{4FC737F1-C7A5-4376-A066-2A32D752A2FF}</UniqueIdentifier>
      <Extensions>cpp;c;cc;cxx;c++;cppm;ixx;def;odl;idl;hpj;bat;asm;asmx</Extensions>
    </Filter>
    <Filter Include="Header Files">
      <UniqueIdentifier>{93995380-89BD-4b04-88EB-625FBE52EBFB}</UniqueIdentifier>
      <Extensions>h;hh;hpp;hxx;h++;hm;inl;inc;ipp;xsd</Extensions>
    </Filter>
    <Filter Include="Resource Files">
      <UniqueIdentifier>{67DA6AB6-F800-4c08-8B7A-83BB121AAD01}</UniqueIdentifier>
      <Extensions>rc;ico;cur;bmp;dlg;rc2;rct;bin;rgs;gif;jpg;jpeg;jpe;resx;tiff;tif;png;wav;mfcribbon-ms</Extensions>
    </Filter>
    <Filter Include="Header Files\Utils">
      <UniqueIdentifier>{089742d3-62ce-409b-b81c-360e3377d424}</UniqueIdentifier>
    </Filter>
    <Filter Include="Header Files\ThirdParty">
      <UniqueIdentifier>{9297ad73-a97e-4074-b373-fa2dbddb1d70}</UniqueIdentifier>
    </Filter>
    <Filter Include="Header Files\ThirdParty\cy">
      <UniqueIdentifier>{38f7dda7-8c5b-4ce3-b829-aabacccdc86e}</UniqueIdentifier>
    </Filter>
  </ItemGroup>
  <ItemGroup>
    <ClCompile Include="glad.c">
      <Filter>Source Files</Filter>
    </ClCompile>
    <ClCompile Include="src\Application.cpp">
      <Filter>Source Files</Filter>
    </ClCompile>
    <ClCompile Include="src\Camera.cpp">
      <Filter>Source Files</Filter>
    </ClCompile>
    <ClCompile Include="src\CubeMap.cpp">
      <Filter>Source Files</Filter>
    </ClCompile>
    <ClCompile Include="src\EBO.cpp">
      <Filter>Source Files</Filter>
    </ClCompile>
    <ClCompile Include="src\EventDispatcher.cpp">
      <Filter>Source Files</Filter>
    </ClCompile>
    <ClCompile Include="src\FBO.cpp">
      <Filter>Source Files</Filter>
    </ClCompile>
    <ClCompile Include="src\InputManager.cpp">
      <Filter>Source Files</Filter>
    </ClCompile>
    <ClCompile Include="src\Light.cpp">
      <Filter>Source Files</Filter>
    </ClCompile>
    <ClCompile Include="src\LightController.cpp">
      <Filter>Source Files</Filter>
    </ClCompile>
    <ClCompile Include="src\lodepng.cpp">
      <Filter>Source Files</Filter>
    </ClCompile>
    <ClCompile Include="src\Logging.cpp">
      <Filter>Source Files</Filter>
    </ClCompile>
    <ClCompile Include="src\main.cpp">
      <Filter>Source Files</Filter>
    </ClCompile>
    <ClCompile Include="src\Material.cpp">
      <Filter>Source Files</Filter>
    </ClCompile>
    <ClCompile Include="src\MeshComponent.cpp">
      <Filter>Source Files</Filter>
    </ClCompile>
    <ClCompile Include="src\MeshFactory.cpp">
      <Filter>Source Files</Filter>
    </ClCompile>
    <ClCompile Include="src\Mirror.cpp">
      <Filter>Source Files</Filter>
    </ClCompile>
    <ClCompile Include="src\QuadController.cpp">
      <Filter>Source Files</Filter>
    </ClCompile>
    <ClCompile Include="src\Renderer.cpp">
      <Filter>Source Files</Filter>
    </ClCompile>
    <ClCompile Include="src\Scene.cpp">
      <Filter>Source Files</Filter>
    </ClCompile>
    <ClCompile Include="src\SceneException.cpp">
      <Filter>Source Files</Filter>
    </ClCompile>
    <ClCompile Include="src\SceneLoader.cpp">
      <Filter>Source Files</Filter>
    </ClCompile>
    <ClCompile Include="src\Shader.cpp">
      <Filter>Source Files</Filter>
    </ClCompile>
    <ClCompile Include="src\ShaderCommon.cpp">
      <Filter>Source Files</Filter>
    </ClCompile>
    <ClCompile Include="src\ShaderException.cpp">
      <Filter>Source Files</Filter>
    </ClCompile>
    <ClCompile Include="src\ShaderManager.cpp">
      <Filter>Source Files</Filter>
    </ClCompile>
    <ClCompile Include="src\ShadowMap.cpp">
      <Filter>Source Files</Filter>
    </ClCompile>
    <ClCompile Include="src\Texture.cpp">
      <Filter>Source Files</Filter>
    </ClCompile>
    <ClCompile Include="src\TextureManager.cpp">
      <Filter>Source Files</Filter>
    </ClCompile>
    <ClCompile Include="src\Transform.cpp">
      <Filter>Source Files</Filter>
    </ClCompile>
    <ClCompile Include="src\VAO.cpp">
      <Filter>Source Files</Filter>
    </ClCompile>
    <ClCompile Include="src\VBO.cpp">
      <Filter>Source Files</Filter>
    </ClCompile>
    <ClCompile Include="src\Window.cpp">
      <Filter>Source Files</Filter>
    </ClCompile>
  </ItemGroup>
  <ItemGroup>
    <ClInclude Include="..\..\..\Downloads\cyTriMesh.h">
      <Filter>Header Files\ThirdParty\cy</Filter>
    </ClInclude>
    <ClInclude Include="..\..\..\Downloads\cyCore.h">
      <Filter>Header Files\ThirdParty\cy</Filter>
    </ClInclude>
    <ClInclude Include="..\..\..\Downloads\cyVector.h">
      <Filter>Header Files\ThirdParty\cy</Filter>
    </ClInclude>
    <ClInclude Include="src\Application.h">
      <Filter>Header Files</Filter>
    </ClInclude>
    <ClInclude Include="src\Camera.h">
      <Filter>Header Files</Filter>
    </ClInclude>
    <ClInclude Include="src\CubeMap.h">
      <Filter>Header Files</Filter>
    </ClInclude>
    <ClInclude Include="src\cyCore.h">
      <Filter>Header Files</Filter>
    </ClInclude>
    <ClInclude Include="src\cyTriMesh.h">
      <Filter>Header Files</Filter>
    </ClInclude>
    <ClInclude Include="src\cyVector.h">
      <Filter>Header Files</Filter>
    </ClInclude>
    <ClInclude Include="src\EBO.h">
      <Filter>Header Files</Filter>
    </ClInclude>
    <ClInclude Include="src\EngineConfig.h">
      <Filter>Header Files</Filter>
    </ClInclude>
    <ClInclude Include="src\EventDispatcher.h">
      <Filter>Header Files</Filter>
    </ClInclude>
    <ClInclude Include="src\FBO.h">
      <Filter>Header Files</Filter>
    </ClInclude>
    <ClInclude Include="src\FBODescriptor.h">
      <Filter>Header Files</Filter>
    </ClInclude>
    <ClInclude Include="src\GLDebug.h">
      <Filter>Header Files</Filter>
    </ClInclude>
    <ClInclude Include="src\InputManager.h">
      <Filter>Header Files</Filter>
    </ClInclude>
    <ClInclude Include="src\Light.h">
      <Filter>Header Files</Filter>
    </ClInclude>
    <ClInclude Include="src\LightController.h">
      <Filter>Header Files</Filter>
    </ClInclude>
    <ClInclude Include="src\lodepng.h">
      <Filter>Header Files</Filter>
    </ClInclude>
    <ClInclude Include="src\LogCamera.h">
      <Filter>Header Files</Filter>
    </ClInclude>
    <ClInclude Include="src\Logging.h">
      <Filter>Header Files</Filter>
    </ClInclude>
    <ClInclude Include="src\LogInputManager.h">
      <Filter>Header Files</Filter>
    </ClInclude>
    <ClInclude Include="src\LogLight.h">
      <Filter>Header Files</Filter>
    </ClInclude>
    <ClInclude Include="src\LogMesh.h">
      <Filter>Header Files</Filter>
    </ClInclude>
    <ClInclude Include="src\LogRenderer.h">
      <Filter>Header Files</Filter>
    </ClInclude>
    <ClInclude Include="src\LogShaderManager.h">
      <Filter>Header Files</Filter>
    </ClInclude>
    <ClInclude Include="src\LogTexture.h">
      <Filter>Header Files</Filter>
    </ClInclude>
    <ClInclude Include="src\LogTextureManager.h">
      <Filter>Header Files</Filter>
    </ClInclude>
    <ClInclude Include="src\LogWindow.h">
      <Filter>Header Files</Filter>
    </ClInclude>
    <ClInclude Include="src\Material.h">
      <Filter>Header Files</Filter>
    </ClInclude>
    <ClInclude Include="src\MathCommon.h">
      <Filter>Header Files</Filter>
    </ClInclude>
    <ClInclude Include="src\MeshComponent.h">
      <Filter>Header Files</Filter>
    </ClInclude>
    <ClInclude Include="src\MeshFactory.h">
      <Filter>Header Files</Filter>
    </ClInclude>
    <ClInclude Include="src\Mirror.h">
      <Filter>Header Files</Filter>
    </ClInclude>
    <ClInclude Include="src\QuadController.h">
      <Filter>Header Files</Filter>
    </ClInclude>
    <ClInclude Include="src\RenderBufferDescriptor.h">
      <Filter>Header Files</Filter>
    </ClInclude>
    <ClInclude Include="src\Renderer.h">
      <Filter>Header Files</Filter>
    </ClInclude>
    <ClInclude Include="src\Scene.h">
      <Filter>Header Files</Filter>
    </ClInclude>
    <ClInclude Include="src\SceneException.h">
      <Filter>Header Files</Filter>
    </ClInclude>
    <ClInclude Include="src\SceneLoader.h">
      <Filter>Header Files</Filter>
    </ClInclude>
    <ClInclude Include="src\Shader.h">
      <Filter>Header Files</Filter>
    </ClInclude>
    <ClInclude Include="src\ShaderCommon.h">
      <Filter>Header Files</Filter>
    </ClInclude>
    <ClInclude Include="src\ShaderException.h">
      <Filter>Header Files</Filter>
    </ClInclude>
    <ClInclude Include="src\ShaderManager.h">
      <Filter>Header Files</Filter>
    </ClInclude>
    <ClInclude Include="src\ShadowMap.h">
      <Filter>Header Files</Filter>
    </ClInclude>
    <ClInclude Include="src\Texture.h">
      <Filter>Header Files</Filter>
    </ClInclude>
    <ClInclude Include="src\TextureDescriptor.h">
      <Filter>Header Files</Filter>
    </ClInclude>
    <ClInclude Include="src\TextureManager.h">
      <Filter>Header Files</Filter>
    </ClInclude>
    <ClInclude Include="src\Transform.h">
      <Filter>Header Files</Filter>
    </ClInclude>
    <ClInclude Include="src\VAO.h">
      <Filter>Header Files</Filter>
    </ClInclude>
    <ClInclude Include="src\VBO.h">
      <Filter>Header Files</Filter>
    </ClInclude>
    <ClInclude Include="src\Vertex.h">
      <Filter>Header Files</Filter>
    </ClInclude>
    <ClInclude Include="src\VertexKey.h">
      <Filter>Header Files</Filter>
    </ClInclude>
    <ClInclude Include="src\Window.h">
      <Filter>Header Files</Filter>
    </ClInclude>
  </ItemGroup>
  <ItemGroup>
    <None Include="shaders\debugShadowMap.frag">
      <Filter>Resource Files</Filter>
    </None>
    <None Include="shaders\debugShadowMap.vert">
      <Filter>Resource Files</Filter>
    </None>
    <None Include="shaders\default.frag">
      <Filter>Resource Files</Filter>
    </None>
    <None Include="shaders\default.vert">
      <Filter>Resource Files</Filter>
    </None>
    <None Include="shaders\framebuffer.frag">
      <Filter>Resource Files</Filter>
    </None>
    <None Include="shaders\framebuffer.vert">
      <Filter>Resource Files</Filter>
    </None>
    <None Include="shaders\lines.frag">
      <Filter>Resource Files</Filter>
    </None>
    <None Include="shaders\lines.geom">
      <Filter>Resource Files</Filter>
    </None>
    <None Include="shaders\lines.vert">
      <Filter>Resource Files</Filter>
    </None>
    <None Include="shaders\planeReflection.frag">
      <Filter>Resource Files</Filter>
    </None>
    <None Include="shaders\planeReflection.vert">
      <Filter>Resource Files</Filter>
    </None>
    <None Include="shaders\shadowCubemap.frag">
      <Filter>Resource Files</Filter>
    </None>
    <None Include="shaders\shadowCubemap.vert">
      <Filter>Resource Files</Filter>
    </None>
    <None Include="shaders\shadowCubemapTess.frag">
      <Filter>Resource Files</Filter>
    </None>
    <None Include="shaders\shadowCubemapTess.tesc">
      <Filter>Resource Files</Filter>
    </None>
    <None Include="shaders\shadowCubemapTess.tese">
      <Filter>Resource Files</Filter>
    </None>
    <None Include="shaders\shadowCubemapTess.vert">
      <Filter>Resource Files</Filter>
    </None>
    <None Include="shaders\shadowMap.frag">
      <Filter>Resource Files</Filter>
    </None>
    <None Include="shaders\shadowMap.vert">
      <Filter>Resource Files</Filter>
    </None>
    <None Include="shaders\ShadowMapTess.frag">
      <Filter>Resource Files</Filter>
    </None>
    <None Include="shaders\ShadowMapTess.tesc">
      <Filter>Resource Files</Filter>
    </None>
    <None Include="shaders\ShadowMapTess.tese">
      <Filter>Resource Files</Filter>
    </None>
    <None Include="shaders\ShadowMapTess.vert">
      <Filter>Resource Files</Filter>
    </None>
    <None Include="shaders\skybox.frag">
      <Filter>Resource Files</Filter>
    </None>
    <None Include="shaders\skybox.vert">
      <Filter>Resource Files</Filter>
    </None>
    <None Include="shaders\tess.frag">
      <Filter>Resource Files</Filter>
    </None>
    <None Include="shaders\tess.geom">
      <Filter>Resource Files</Filter>
    </None>
    <None Include="shaders\tess.tesc">
      <Filter>Resource Files</Filter>
    </None>
    <None Include="shaders\tess.tese">
      <Filter>Resource Files</Filter>
    </None>
    <None Include="shaders\tess.vert">
      <Filter>Resource Files</Filter>
    </None>
  </ItemGroup>
</Project>